
Microsoft Visual Studio Solution File, Format Version 12.00
# Visual Studio Version 17
VisualStudioVersion = 17.3.32825.248
MinimumVisualStudioVersion = 10.0.40219.1
Project("{9A19103F-16F7-4668-BE54-9A1E7A4F7556}") = "AllLoops", "Todos-los-bucles\AllLoops.csproj", "{48CB4F0F-34B9-44AC-ACEE-2BD2CC45805C}"
EndProject
Global
	GlobalSection(SolutionConfigurationPlatforms) = preSolution
		Debug|Any CPU = Debug|Any CPU
		Release|Any CPU = Release|Any CPU
	EndGlobalSection
	GlobalSection(ProjectConfigurationPlatforms) = postSolution
		{48CB4F0F-34B9-44AC-ACEE-2BD2CC45805C}.Debug|Any CPU.ActiveCfg = Debug|Any CPU
		{48CB4F0F-34B9-44AC-ACEE-2BD2CC45805C}.Debug|Any CPU.Build.0 = Debug|Any CPU
		{48CB4F0F-34B9-44AC-ACEE-2BD2CC45805C}.Release|Any CPU.ActiveCfg = Release|Any CPU
		{48CB4F0F-34B9-44AC-ACEE-2BD2CC45805C}.Release|Any CPU.Build.0 = Release|Any CPU
	EndGlobalSection
	GlobalSection(SolutionProperties) = preSolution
		HideSolutionNode = FALSE
	EndGlobalSection
	GlobalSection(ExtensibilityGlobals) = postSolution
		SolutionGuid = {785251BB-3F8B-4E82-A5D7-C16CB7B1CB88}
	EndGlobalSection
EndGlobal
